// !$*UTF8*$!
{
	archiveVersion = 1;
	classes = {
	};
	objectVersion = 51;
	objects = {

/* Begin PBXBuildFile section */
		AB76B17D9E1B8B38BF84FEB3 /* Pods_ImageLocker.framework in Frameworks */ = {isa = PBXBuildFile; fileRef = DCB441A2B52F124F5170B831 /* Pods_ImageLocker.framework */; };
		F68B2ED224A90FC000623813 /* AppDelegate.swift in Sources */ = {isa = PBXBuildFile; fileRef = F68B2ED124A90FC000623813 /* AppDelegate.swift */; };
		F68B2ED624A90FC000623813 /* ViewController.swift in Sources */ = {isa = PBXBuildFile; fileRef = F68B2ED524A90FC000623813 /* ViewController.swift */; };
		F68B2EDC24A90FC000623813 /* ImageLocker.xcdatamodeld in Sources */ = {isa = PBXBuildFile; fileRef = F68B2EDA24A90FC000623813 /* ImageLocker.xcdatamodeld */; };
		F68B2EDE24A90FC200623813 /* Assets.xcassets in Resources */ = {isa = PBXBuildFile; fileRef = F68B2EDD24A90FC200623813 /* Assets.xcassets */; };
		F68B2EE124A90FC200623813 /* LaunchScreen.storyboard in Resources */ = {isa = PBXBuildFile; fileRef = F68B2EDF24A90FC200623813 /* LaunchScreen.storyboard */; };
		F68B2EE924A916F900623813 /* CreatePasswordViewController.swift in Sources */ = {isa = PBXBuildFile; fileRef = F68B2EE824A916F900623813 /* CreatePasswordViewController.swift */; };
		F68B2EEC24A9171F00623813 /* CreatePasswordAssembly.swift in Sources */ = {isa = PBXBuildFile; fileRef = F68B2EEB24A9171F00623813 /* CreatePasswordAssembly.swift */; };
		F68B2EEE24A9172B00623813 /* CreatePasswordPresenter.swift in Sources */ = {isa = PBXBuildFile; fileRef = F68B2EED24A9172B00623813 /* CreatePasswordPresenter.swift */; };
		F68B2EF024A9173B00623813 /* CreatePasswordInteractor.swift in Sources */ = {isa = PBXBuildFile; fileRef = F68B2EEF24A9173B00623813 /* CreatePasswordInteractor.swift */; };
		F68B2EF224A9174D00623813 /* CreatePasswordRouter.swift in Sources */ = {isa = PBXBuildFile; fileRef = F68B2EF124A9174D00623813 /* CreatePasswordRouter.swift */; };
/* End PBXBuildFile section */

/* Begin PBXFileReference section */
		899FBAAC141E1C5B7F943BB3 /* Pods-ImageLocker.release.xcconfig */ = {isa = PBXFileReference; includeInIndex = 1; lastKnownFileType = text.xcconfig; name = "Pods-ImageLocker.release.xcconfig"; path = "Target Support Files/Pods-ImageLocker/Pods-ImageLocker.release.xcconfig"; sourceTree = "<group>"; };
		DCB441A2B52F124F5170B831 /* Pods_ImageLocker.framework */ = {isa = PBXFileReference; explicitFileType = wrapper.framework; includeInIndex = 0; path = Pods_ImageLocker.framework; sourceTree = BUILT_PRODUCTS_DIR; };
		F68B2ECE24A90FC000623813 /* ImageLocker.app */ = {isa = PBXFileReference; explicitFileType = wrapper.application; includeInIndex = 0; path = ImageLocker.app; sourceTree = BUILT_PRODUCTS_DIR; };
		F68B2ED124A90FC000623813 /* AppDelegate.swift */ = {isa = PBXFileReference; lastKnownFileType = sourcecode.swift; path = AppDelegate.swift; sourceTree = "<group>"; };
		F68B2ED524A90FC000623813 /* ViewController.swift */ = {isa = PBXFileReference; lastKnownFileType = sourcecode.swift; path = ViewController.swift; sourceTree = "<group>"; };
		F68B2EDB24A90FC000623813 /* ImageLocker.xcdatamodel */ = {isa = PBXFileReference; lastKnownFileType = wrapper.xcdatamodel; path = ImageLocker.xcdatamodel; sourceTree = "<group>"; };
		F68B2EDD24A90FC200623813 /* Assets.xcassets */ = {isa = PBXFileReference; lastKnownFileType = folder.assetcatalog; path = Assets.xcassets; sourceTree = "<group>"; };
		F68B2EE024A90FC200623813 /* Base */ = {isa = PBXFileReference; lastKnownFileType = file.storyboard; name = Base; path = Base.lproj/LaunchScreen.storyboard; sourceTree = "<group>"; };
		F68B2EE224A90FC200623813 /* Info.plist */ = {isa = PBXFileReference; lastKnownFileType = text.plist.xml; path = Info.plist; sourceTree = "<group>"; };
		F68B2EE824A916F900623813 /* CreatePasswordViewController.swift */ = {isa = PBXFileReference; lastKnownFileType = sourcecode.swift; path = CreatePasswordViewController.swift; sourceTree = "<group>"; };
		F68B2EEB24A9171F00623813 /* CreatePasswordAssembly.swift */ = {isa = PBXFileReference; lastKnownFileType = sourcecode.swift; path = CreatePasswordAssembly.swift; sourceTree = "<group>"; };
		F68B2EED24A9172B00623813 /* CreatePasswordPresenter.swift */ = {isa = PBXFileReference; lastKnownFileType = sourcecode.swift; path = CreatePasswordPresenter.swift; sourceTree = "<group>"; };
		F68B2EEF24A9173B00623813 /* CreatePasswordInteractor.swift */ = {isa = PBXFileReference; lastKnownFileType = sourcecode.swift; path = CreatePasswordInteractor.swift; sourceTree = "<group>"; };
		F68B2EF124A9174D00623813 /* CreatePasswordRouter.swift */ = {isa = PBXFileReference; lastKnownFileType = sourcecode.swift; path = CreatePasswordRouter.swift; sourceTree = "<group>"; };
		FCE4D65683DFF28E85495B92 /* Pods-ImageLocker.debug.xcconfig */ = {isa = PBXFileReference; includeInIndex = 1; lastKnownFileType = text.xcconfig; name = "Pods-ImageLocker.debug.xcconfig"; path = "Target Support Files/Pods-ImageLocker/Pods-ImageLocker.debug.xcconfig"; sourceTree = "<group>"; };
/* End PBXFileReference section */

/* Begin PBXFrameworksBuildPhase section */
		F68B2ECB24A90FC000623813 /* Frameworks */ = {
			isa = PBXFrameworksBuildPhase;
			buildActionMask = 2147483647;
			files = (
				AB76B17D9E1B8B38BF84FEB3 /* Pods_ImageLocker.framework in Frameworks */,
			);
			runOnlyForDeploymentPostprocessing = 0;
		};
/* End PBXFrameworksBuildPhase section */

/* Begin PBXGroup section */
		8C48D3C973372A0DE38D6FE0 /* Frameworks */ = {
			isa = PBXGroup;
			children = (
				DCB441A2B52F124F5170B831 /* Pods_ImageLocker.framework */,
			);
			name = Frameworks;
			sourceTree = "<group>";
		};
		A8AA585C57880C1DAEF411D7 /* Pods */ = {
			isa = PBXGroup;
			children = (
				FCE4D65683DFF28E85495B92 /* Pods-ImageLocker.debug.xcconfig */,
				899FBAAC141E1C5B7F943BB3 /* Pods-ImageLocker.release.xcconfig */,
			);
			path = Pods;
			sourceTree = "<group>";
		};
		F68B2EC524A90FC000623813 = {
			isa = PBXGroup;
			children = (
				F68B2ED024A90FC000623813 /* ImageLocker */,
				F68B2ECF24A90FC000623813 /* Products */,
				A8AA585C57880C1DAEF411D7 /* Pods */,
				8C48D3C973372A0DE38D6FE0 /* Frameworks */,
			);
			sourceTree = "<group>";
		};
		F68B2ECF24A90FC000623813 /* Products */ = {
			isa = PBXGroup;
			children = (
				F68B2ECE24A90FC000623813 /* ImageLocker.app */,
			);
			name = Products;
			sourceTree = "<group>";
		};
		F68B2ED024A90FC000623813 /* ImageLocker */ = {
			isa = PBXGroup;
			children = (
				F68B2ED124A90FC000623813 /* AppDelegate.swift */,
				F68B2ED524A90FC000623813 /* ViewController.swift */,
				F68B2EDD24A90FC200623813 /* Assets.xcassets */,
				F68B2EDF24A90FC200623813 /* LaunchScreen.storyboard */,
				F68B2EE224A90FC200623813 /* Info.plist */,
				F68B2EDA24A90FC000623813 /* ImageLocker.xcdatamodeld */,
				F68B2EEA24A9170800623813 /* CreatePassword */,
			);
			path = ImageLocker;
			sourceTree = "<group>";
		};
		F68B2EEA24A9170800623813 /* CreatePassword */ = {
			isa = PBXGroup;
			children = (
				F68B2EEB24A9171F00623813 /* CreatePasswordAssembly.swift */,
				F68B2EE824A916F900623813 /* CreatePasswordViewController.swift */,
				F68B2EED24A9172B00623813 /* CreatePasswordPresenter.swift */,
				F68B2EEF24A9173B00623813 /* CreatePasswordInteractor.swift */,
				F68B2EF124A9174D00623813 /* CreatePasswordRouter.swift */,
			);
			path = CreatePassword;
			sourceTree = "<group>";
		};
/* End PBXGroup section */

/* Begin PBXNativeTarget section */
		F68B2ECD24A90FC000623813 /* ImageLocker */ = {
			isa = PBXNativeTarget;
			buildConfigurationList = F68B2EE524A90FC200623813 /* Build configuration list for PBXNativeTarget "ImageLocker" */;
			buildPhases = (
				75666CC99A44EAC92309A390 /* [CP] Check Pods Manifest.lock */,
				F68B2ECA24A90FC000623813 /* Sources */,
				F68B2ECB24A90FC000623813 /* Frameworks */,
				F68B2ECC24A90FC000623813 /* Resources */,
				00E34BB31F61B0477B78986F /* [CP] Embed Pods Frameworks */,
			);
			buildRules = (
			);
			dependencies = (
			);
			name = ImageLocker;
			productName = ImageLocker;
			productReference = F68B2ECE24A90FC000623813 /* ImageLocker.app */;
			productType = "com.apple.product-type.application";
		};
/* End PBXNativeTarget section */

/* Begin PBXProject section */
		F68B2EC624A90FC000623813 /* Project object */ = {
			isa = PBXProject;
			attributes = {
				LastSwiftUpdateCheck = 1150;
				LastUpgradeCheck = 1150;
				ORGANIZATIONNAME = "Виталий Субботин";
				TargetAttributes = {
					F68B2ECD24A90FC000623813 = {
						CreatedOnToolsVersion = 11.5;
					};
				};
			};
			buildConfigurationList = F68B2EC924A90FC000623813 /* Build configuration list for PBXProject "ImageLocker" */;
			compatibilityVersion = "Xcode 9.3";
			developmentRegion = en;
			hasScannedForEncodings = 0;
			knownRegions = (
				en,
				Base,
			);
			mainGroup = F68B2EC524A90FC000623813;
			productRefGroup = F68B2ECF24A90FC000623813 /* Products */;
			projectDirPath = "";
			projectRoot = "";
			targets = (
				F68B2ECD24A90FC000623813 /* ImageLocker */,
			);
		};
/* End PBXProject section */

/* Begin PBXResourcesBuildPhase section */
		F68B2ECC24A90FC000623813 /* Resources */ = {
			isa = PBXResourcesBuildPhase;
			buildActionMask = 2147483647;
			files = (
				F68B2EE124A90FC200623813 /* LaunchScreen.storyboard in Resources */,
				F68B2EDE24A90FC200623813 /* Assets.xcassets in Resources */,
			);
			runOnlyForDeploymentPostprocessing = 0;
		};
/* End PBXResourcesBuildPhase section */

/* Begin PBXShellScriptBuildPhase section */
		00E34BB31F61B0477B78986F /* [CP] Embed Pods Frameworks */ = {
			isa = PBXShellScriptBuildPhase;
			buildActionMask = 2147483647;
			files = (
			);
			inputFileListPaths = (
				"${PODS_ROOT}/Target Support Files/Pods-ImageLocker/Pods-ImageLocker-frameworks-${CONFIGURATION}-input-files.xcfilelist",
			);
			name = "[CP] Embed Pods Frameworks";
			outputFileListPaths = (
				"${PODS_ROOT}/Target Support Files/Pods-ImageLocker/Pods-ImageLocker-frameworks-${CONFIGURATION}-output-files.xcfilelist",
			);
			runOnlyForDeploymentPostprocessing = 0;
			shellPath = /bin/sh;
			shellScript = "\"${PODS_ROOT}/Target Support Files/Pods-ImageLocker/Pods-ImageLocker-frameworks.sh\"\n";
			showEnvVarsInLog = 0;
		};
		75666CC99A44EAC92309A390 /* [CP] Check Pods Manifest.lock */ = {
			isa = PBXShellScriptBuildPhase;
			buildActionMask = 2147483647;
			files = (
			);
			inputFileListPaths = (
			);
			inputPaths = (
				"${PODS_PODFILE_DIR_PATH}/Podfile.lock",
				"${PODS_ROOT}/Manifest.lock",
			);
			name = "[CP] Check Pods Manifest.lock";
			outputFileListPaths = (
			);
			outputPaths = (
				"$(DERIVED_FILE_DIR)/Pods-ImageLocker-checkManifestLockResult.txt",
			);
			runOnlyForDeploymentPostprocessing = 0;
			shellPath = /bin/sh;
			shellScript = "diff \"${PODS_PODFILE_DIR_PATH}/Podfile.lock\" \"${PODS_ROOT}/Manifest.lock\" > /dev/null\nif [ $? != 0 ] ; then\n    # print error to STDERR\n    echo \"error: The sandbox is not in sync with the Podfile.lock. Run 'pod install' or update your CocoaPods installation.\" >&2\n    exit 1\nfi\n# This output is used by Xcode 'outputs' to avoid re-running this script phase.\necho \"SUCCESS\" > \"${SCRIPT_OUTPUT_FILE_0}\"\n";
			showEnvVarsInLog = 0;
		};
/* End PBXShellScriptBuildPhase section */

/* Begin PBXSourcesBuildPhase section */
		F68B2ECA24A90FC000623813 /* Sources */ = {
			isa = PBXSourcesBuildPhase;
			buildActionMask = 2147483647;
			files = (
				F68B2ED624A90FC000623813 /* ViewController.swift in Sources */,
				F68B2EF024A9173B00623813 /* CreatePasswordInteractor.swift in Sources */,
				F68B2ED224A90FC000623813 /* AppDelegate.swift in Sources */,
				F68B2EDC24A90FC000623813 /* ImageLocker.xcdatamodeld in Sources */,
				F68B2EEE24A9172B00623813 /* CreatePasswordPresenter.swift in Sources */,
				F68B2EF224A9174D00623813 /* CreatePasswordRouter.swift in Sources */,
				F68B2EE924A916F900623813 /* CreatePasswordViewController.swift in Sources */,
				F68B2EEC24A9171F00623813 /* CreatePasswordAssembly.swift in Sources */,
			);
			runOnlyForDeploymentPostprocessing = 0;
		};
/* End PBXSourcesBuildPhase section */

/* Begin PBXVariantGroup section */
		F68B2EDF24A90FC200623813 /* LaunchScreen.storyboard */ = {
			isa = PBXVariantGroup;
			children = (
				F68B2EE024A90FC200623813 /* Base */,
			);
			name = LaunchScreen.storyboard;
			sourceTree = "<group>";
		};
/* End PBXVariantGroup section */

/* Begin XCBuildConfiguration section */
		F68B2EE324A90FC200623813 /* Debug */ = {
			isa = XCBuildConfiguration;
			buildSettings = {
				ALWAYS_SEARCH_USER_PATHS = NO;
				CLANG_ANALYZER_NONNULL = YES;
				CLANG_ANALYZER_NUMBER_OBJECT_CONVERSION = YES_AGGRESSIVE;
				CLANG_CXX_LANGUAGE_STANDARD = "gnu++14";
				CLANG_CXX_LIBRARY = "libc++";
				CLANG_ENABLE_MODULES = YES;
				CLANG_ENABLE_OBJC_ARC = YES;
				CLANG_ENABLE_OBJC_WEAK = YES;
				CLANG_WARN_BLOCK_CAPTURE_AUTORELEASING = YES;
				CLANG_WARN_BOOL_CONVERSION = YES;
				CLANG_WARN_COMMA = YES;
				CLANG_WARN_CONSTANT_CONVERSION = YES;
				CLANG_WARN_DEPRECATED_OBJC_IMPLEMENTATIONS = YES;
				CLANG_WARN_DIRECT_OBJC_ISA_USAGE = YES_ERROR;
				CLANG_WARN_DOCUMENTATION_COMMENTS = YES;
				CLANG_WARN_EMPTY_BODY = YES;
				CLANG_WARN_ENUM_CONVERSION = YES;
				CLANG_WARN_INFINITE_RECURSION = YES;
				CLANG_WARN_INT_CONVERSION = YES;
				CLANG_WARN_NON_LITERAL_NULL_CONVERSION = YES;
				CLANG_WARN_OBJC_IMPLICIT_RETAIN_SELF = YES;
				CLANG_WARN_OBJC_LITERAL_CONVERSION = YES;
				CLANG_WARN_OBJC_ROOT_CLASS = YES_ERROR;
				CLANG_WARN_RANGE_LOOP_ANALYSIS = YES;
				CLANG_WARN_STRICT_PROTOTYPES = YES;
				CLANG_WARN_SUSPICIOUS_MOVE = YES;
				CLANG_WARN_UNGUARDED_AVAILABILITY = YES_AGGRESSIVE;
				CLANG_WARN_UNREACHABLE_CODE = YES;
				CLANG_WARN__DUPLICATE_METHOD_MATCH = YES;
				COPY_PHASE_STRIP = NO;
				DEBUG_INFORMATION_FORMAT = dwarf;
				ENABLE_STRICT_OBJC_MSGSEND = YES;
				ENABLE_TESTABILITY = YES;
				GCC_C_LANGUAGE_STANDARD = gnu11;
				GCC_DYNAMIC_NO_PIC = NO;
				GCC_NO_COMMON_BLOCKS = YES;
				GCC_OPTIMIZATION_LEVEL = 0;
				GCC_PREPROCESSOR_DEFINITIONS = (
					"DEBUG=1",
					"$(inherited)",
				);
				GCC_WARN_64_TO_32_BIT_CONVERSION = YES;
				GCC_WARN_ABOUT_RETURN_TYPE = YES_ERROR;
				GCC_WARN_UNDECLARED_SELECTOR = YES;
				GCC_WARN_UNINITIALIZED_AUTOS = YES_AGGRESSIVE;
				GCC_WARN_UNUSED_FUNCTION = YES;
				GCC_WARN_UNUSED_VARIABLE = YES;
				IPHONEOS_DEPLOYMENT_TARGET = 13.5;
				MTL_ENABLE_DEBUG_INFO = INCLUDE_SOURCE;
				MTL_FAST_MATH = YES;
				ONLY_ACTIVE_ARCH = YES;
				SDKROOT = iphoneos;
				SWIFT_ACTIVE_COMPILATION_CONDITIONS = DEBUG;
				SWIFT_OPTIMIZATION_LEVEL = "-Onone";
			};
			name = Debug;
		};
		F68B2EE424A90FC200623813 /* Release */ = {
			isa = XCBuildConfiguration;
			buildSettings = {
				ALWAYS_SEARCH_USER_PATHS = NO;
				CLANG_ANALYZER_NONNULL = YES;
				CLANG_ANALYZER_NUMBER_OBJECT_CONVERSION = YES_AGGRESSIVE;
				CLANG_CXX_LANGUAGE_STANDARD = "gnu++14";
				CLANG_CXX_LIBRARY = "libc++";
				CLANG_ENABLE_MODULES = YES;
				CLANG_ENABLE_OBJC_ARC = YES;
				CLANG_ENABLE_OBJC_WEAK = YES;
				CLANG_WARN_BLOCK_CAPTURE_AUTORELEASING = YES;
				CLANG_WARN_BOOL_CONVERSION = YES;
				CLANG_WARN_COMMA = YES;
				CLANG_WARN_CONSTANT_CONVERSION = YES;
				CLANG_WARN_DEPRECATED_OBJC_IMPLEMENTATIONS = YES;
				CLANG_WARN_DIRECT_OBJC_ISA_USAGE = YES_ERROR;
				CLANG_WARN_DOCUMENTATION_COMMENTS = YES;
				CLANG_WARN_EMPTY_BODY = YES;
				CLANG_WARN_ENUM_CONVERSION = YES;
				CLANG_WARN_INFINITE_RECURSION = YES;
				CLANG_WARN_INT_CONVERSION = YES;
				CLANG_WARN_NON_LITERAL_NULL_CONVERSION = YES;
				CLANG_WARN_OBJC_IMPLICIT_RETAIN_SELF = YES;
				CLANG_WARN_OBJC_LITERAL_CONVERSION = YES;
				CLANG_WARN_OBJC_ROOT_CLASS = YES_ERROR;
				CLANG_WARN_RANGE_LOOP_ANALYSIS = YES;
				CLANG_WARN_STRICT_PROTOTYPES = YES;
				CLANG_WARN_SUSPICIOUS_MOVE = YES;
				CLANG_WARN_UNGUARDED_AVAILABILITY = YES_AGGRESSIVE;
				CLANG_WARN_UNREACHABLE_CODE = YES;
				CLANG_WARN__DUPLICATE_METHOD_MATCH = YES;
				COPY_PHASE_STRIP = NO;
				DEBUG_INFORMATION_FORMAT = "dwarf-with-dsym";
				ENABLE_NS_ASSERTIONS = NO;
				ENABLE_STRICT_OBJC_MSGSEND = YES;
				GCC_C_LANGUAGE_STANDARD = gnu11;
				GCC_NO_COMMON_BLOCKS = YES;
				GCC_WARN_64_TO_32_BIT_CONVERSION = YES;
				GCC_WARN_ABOUT_RETURN_TYPE = YES_ERROR;
				GCC_WARN_UNDECLARED_SELECTOR = YES;
				GCC_WARN_UNINITIALIZED_AUTOS = YES_AGGRESSIVE;
				GCC_WARN_UNUSED_FUNCTION = YES;
				GCC_WARN_UNUSED_VARIABLE = YES;
				IPHONEOS_DEPLOYMENT_TARGET = 13.5;
				MTL_ENABLE_DEBUG_INFO = NO;
				MTL_FAST_MATH = YES;
				SDKROOT = iphoneos;
				SWIFT_COMPILATION_MODE = wholemodule;
				SWIFT_OPTIMIZATION_LEVEL = "-O";
				VALIDATE_PRODUCT = YES;
			};
			name = Release;
		};
		F68B2EE624A90FC200623813 /* Debug */ = {
			isa = XCBuildConfiguration;
			baseConfigurationReference = FCE4D65683DFF28E85495B92 /* Pods-ImageLocker.debug.xcconfig */;
			buildSettings = {
				ASSETCATALOG_COMPILER_APPICON_NAME = AppIcon;
				CODE_SIGN_STYLE = Automatic;
				DEVELOPMENT_TEAM = PAJM5Y54LW;
				INFOPLIST_FILE = ImageLocker/Info.plist;
				LD_RUNPATH_SEARCH_PATHS = (
					"$(inherited)",
					"@executable_path/Frameworks",
				);
				PRODUCT_BUNDLE_IDENTIFIER = com.vitalySubbotin.ImageLocker;
				PRODUCT_NAME = "$(TARGET_NAME)";
				SWIFT_VERSION = 5.0;
				TARGETED_DEVICE_FAMILY = "1,2";
			};
			name = Debug;
		};
		F68B2EE724A90FC200623813 /* Release */ = {
			isa = XCBuildConfiguration;
			baseConfigurationReference = 899FBAAC141E1C5B7F943BB3 /* Pods-ImageLocker.release.xcconfig */;
			buildSettings = {
				ASSETCATALOG_COMPILER_APPICON_NAME = AppIcon;
				CODE_SIGN_STYLE = Automatic;
				DEVELOPMENT_TEAM = PAJM5Y54LW;
				INFOPLIST_FILE = ImageLocker/Info.plist;
				LD_RUNPATH_SEARCH_PATHS = (
					"$(inherited)",
					"@executable_path/Frameworks",
				);
				PRODUCT_BUNDLE_IDENTIFIER = com.vitalySubbotin.ImageLocker;
				PRODUCT_NAME = "$(TARGET_NAME)";
				SWIFT_VERSION = 5.0;
				TARGETED_DEVICE_FAMILY = "1,2";
			};
			name = Release;
		};
/* End XCBuildConfiguration section */

/* Begin XCConfigurationList section */
		F68B2EC924A90FC000623813 /* Build configuration list for PBXProject "ImageLocker" */ = {
			isa = XCConfigurationList;
			buildConfigurations = (
				F68B2EE324A90FC200623813 /* Debug */,
				F68B2EE424A90FC200623813 /* Release */,
			);
			defaultConfigurationIsVisible = 0;
			defaultConfigurationName = Release;
		};
		F68B2EE524A90FC200623813 /* Build configuration list for PBXNativeTarget "ImageLocker" */ = {
			isa = XCConfigurationList;
			buildConfigurations = (
				F68B2EE624A90FC200623813 /* Debug */,
				F68B2EE724A90FC200623813 /* Release */,
			);
			defaultConfigurationIsVisible = 0;
			defaultConfigurationName = Release;
		};
/* End XCConfigurationList section */

/* Begin XCVersionGroup section */
		F68B2EDA24A90FC000623813 /* ImageLocker.xcdatamodeld */ = {
			isa = XCVersionGroup;
			children = (
				F68B2EDB24A90FC000623813 /* ImageLocker.xcdatamodel */,
			);
			currentVersion = F68B2EDB24A90FC000623813 /* ImageLocker.xcdatamodel */;
			path = ImageLocker.xcdatamodeld;
			sourceTree = "<group>";
			versionGroupType = wrapper.xcdatamodel;
		};
/* End XCVersionGroup section */
	};
	rootObject = F68B2EC624A90FC000623813 /* Project object */;
}
