// !$*UTF8*$!
{
	archiveVersion = 1;
	classes = {
	};
	objectVersion = 51;
	objects = {

/* Begin PBXBuildFile section */
		AB76B17D9E1B8B38BF84FEB3 /* Pods_ImageLocker.framework in Frameworks */ = {isa = PBXBuildFile; fileRef = DCB441A2B52F124F5170B831 /* Pods_ImageLocker.framework */; };
		F641FDA92607F235004CB078 /* PhotoPreviewRouter.swift in Sources */ = {isa = PBXBuildFile; fileRef = F641FDA82607F235004CB078 /* PhotoPreviewRouter.swift */; };
		F68B2ED224A90FC000623813 /* AppDelegate.swift in Sources */ = {isa = PBXBuildFile; fileRef = F68B2ED124A90FC000623813 /* AppDelegate.swift */; };
		F68B2EDC24A90FC000623813 /* ImageLocker.xcdatamodeld in Sources */ = {isa = PBXBuildFile; fileRef = F68B2EDA24A90FC000623813 /* ImageLocker.xcdatamodeld */; };
		F68B2EDE24A90FC200623813 /* Assets.xcassets in Resources */ = {isa = PBXBuildFile; fileRef = F68B2EDD24A90FC200623813 /* Assets.xcassets */; };
		F68B2EE124A90FC200623813 /* LaunchScreen.storyboard in Resources */ = {isa = PBXBuildFile; fileRef = F68B2EDF24A90FC200623813 /* LaunchScreen.storyboard */; };
		F68B2EE924A916F900623813 /* CreatePinViewController.swift in Sources */ = {isa = PBXBuildFile; fileRef = F68B2EE824A916F900623813 /* CreatePinViewController.swift */; };
		F68B2EEC24A9171F00623813 /* CreatePinAssembly.swift in Sources */ = {isa = PBXBuildFile; fileRef = F68B2EEB24A9171F00623813 /* CreatePinAssembly.swift */; };
		F68B2EEE24A9172B00623813 /* CreatePinPresenter.swift in Sources */ = {isa = PBXBuildFile; fileRef = F68B2EED24A9172B00623813 /* CreatePinPresenter.swift */; };
		F68B2EF024A9173B00623813 /* CreatePinInteractor.swift in Sources */ = {isa = PBXBuildFile; fileRef = F68B2EEF24A9173B00623813 /* CreatePinInteractor.swift */; };
		F68B2EF224A9174D00623813 /* CreatePinRouter.swift in Sources */ = {isa = PBXBuildFile; fileRef = F68B2EF124A9174D00623813 /* CreatePinRouter.swift */; };
		F68B2EF524A91DAB00623813 /* PincodeView.swift in Sources */ = {isa = PBXBuildFile; fileRef = F68B2EF424A91DAB00623813 /* PincodeView.swift */; };
		F68B2F0E24A9342900623813 /* Pin.swift in Sources */ = {isa = PBXBuildFile; fileRef = F68B2F0D24A9342900623813 /* Pin.swift */; };
		F68B2F1024AA566800623813 /* AppRouter.swift in Sources */ = {isa = PBXBuildFile; fileRef = F68B2F0F24AA566800623813 /* AppRouter.swift */; };
		F68B2F2624AA68B800623813 /* EnterPincodeAssembly.swift in Sources */ = {isa = PBXBuildFile; fileRef = F68B2F2524AA68B800623813 /* EnterPincodeAssembly.swift */; };
		F68B2F2924AA68E600623813 /* EnterPincodePresenter.swift in Sources */ = {isa = PBXBuildFile; fileRef = F68B2F2824AA68E600623813 /* EnterPincodePresenter.swift */; };
		F68B2F2B24AA68F000623813 /* EnterPincodeRouter.swift in Sources */ = {isa = PBXBuildFile; fileRef = F68B2F2A24AA68F000623813 /* EnterPincodeRouter.swift */; };
		F68B2F2D24AA68FC00623813 /* EnterPincodeInteractor.swift in Sources */ = {isa = PBXBuildFile; fileRef = F68B2F2C24AA68FC00623813 /* EnterPincodeInteractor.swift */; };
		F68B2F2F24AA690C00623813 /* EnterPincodeViewController.swift in Sources */ = {isa = PBXBuildFile; fileRef = F68B2F2E24AA690C00623813 /* EnterPincodeViewController.swift */; };
		F6952EBA2609024F0021EC7F /* Loadable.swift in Sources */ = {isa = PBXBuildFile; fileRef = F6952EB92609024F0021EC7F /* Loadable.swift */; };
		F69C187724AE74DB0007283D /* FoldersListAssembly.swift in Sources */ = {isa = PBXBuildFile; fileRef = F69C187624AE74DB0007283D /* FoldersListAssembly.swift */; };
		F69C187A24AE74F10007283D /* FoldersListPresenter.swift in Sources */ = {isa = PBXBuildFile; fileRef = F69C187924AE74F10007283D /* FoldersListPresenter.swift */; };
		F69C187C24AE74F90007283D /* FoldersListRouter.swift in Sources */ = {isa = PBXBuildFile; fileRef = F69C187B24AE74F90007283D /* FoldersListRouter.swift */; };
		F69C187E24AE75090007283D /* FoldersListDataManager.swift in Sources */ = {isa = PBXBuildFile; fileRef = F69C187D24AE75090007283D /* FoldersListDataManager.swift */; };
		F69C188024AE75150007283D /* FoldersListViewController.swift in Sources */ = {isa = PBXBuildFile; fileRef = F69C187F24AE75150007283D /* FoldersListViewController.swift */; };
		F69C188224AE751E0007283D /* FoldersListInteractor.swift in Sources */ = {isa = PBXBuildFile; fileRef = F69C188124AE751E0007283D /* FoldersListInteractor.swift */; };
		F69C18AC24AE80780007283D /* TableEditable.swift in Sources */ = {isa = PBXBuildFile; fileRef = F69C18AB24AE80780007283D /* TableEditable.swift */; };
		F69C18AF24AE80AB0007283D /* BaseTableDataManager.swift in Sources */ = {isa = PBXBuildFile; fileRef = F69C18AE24AE80AB0007283D /* BaseTableDataManager.swift */; };
		F69C18B124AE8C620007283D /* CreateFolderAlert.swift in Sources */ = {isa = PBXBuildFile; fileRef = F69C18B024AE8C620007283D /* CreateFolderAlert.swift */; };
		F6A5DEEF24D5C13200BF0911 /* PhotoPickerViewController.swift in Sources */ = {isa = PBXBuildFile; fileRef = F6A5DEEE24D5C13200BF0911 /* PhotoPickerViewController.swift */; };
		F6A5DEF224D5C21800BF0911 /* PhotoCell.swift in Sources */ = {isa = PBXBuildFile; fileRef = F6A5DEF124D5C21800BF0911 /* PhotoCell.swift */; };
		F6A5DEF424D5C3F600BF0911 /* PhotoPickerDataManager.swift in Sources */ = {isa = PBXBuildFile; fileRef = F6A5DEF324D5C3F600BF0911 /* PhotoPickerDataManager.swift */; };
		F6A5DEF724D5C49C00BF0911 /* BaseCollectionDataManager.swift in Sources */ = {isa = PBXBuildFile; fileRef = F6A5DEF624D5C49C00BF0911 /* BaseCollectionDataManager.swift */; };
		F6A5DEF924D5EF9600BF0911 /* PhotoPickerAssembly.swift in Sources */ = {isa = PBXBuildFile; fileRef = F6A5DEF824D5EF9600BF0911 /* PhotoPickerAssembly.swift */; };
		F6A5DEFB24D5EFC700BF0911 /* PhotoPickerRouter.swift in Sources */ = {isa = PBXBuildFile; fileRef = F6A5DEFA24D5EFC700BF0911 /* PhotoPickerRouter.swift */; };
		F6A5DEFD24D5EFD800BF0911 /* PhotoPickerPresenter.swift in Sources */ = {isa = PBXBuildFile; fileRef = F6A5DEFC24D5EFD800BF0911 /* PhotoPickerPresenter.swift */; };
		F6CC92D524CC832700B59CF0 /* FolderCell.swift in Sources */ = {isa = PBXBuildFile; fileRef = F6CC92D424CC832700B59CF0 /* FolderCell.swift */; };
		F6CC930024CCA15B00B59CF0 /* FolderAssembly.swift in Sources */ = {isa = PBXBuildFile; fileRef = F6CC92FF24CCA15B00B59CF0 /* FolderAssembly.swift */; };
		F6CC930324CCA29300B59CF0 /* FolderViewController.swift in Sources */ = {isa = PBXBuildFile; fileRef = F6CC930224CCA29300B59CF0 /* FolderViewController.swift */; };
		F6CC930524CCA29E00B59CF0 /* FolderPresenter.swift in Sources */ = {isa = PBXBuildFile; fileRef = F6CC930424CCA29E00B59CF0 /* FolderPresenter.swift */; };
		F6CC930724CCA2AB00B59CF0 /* FolderRouter.swift in Sources */ = {isa = PBXBuildFile; fileRef = F6CC930624CCA2AB00B59CF0 /* FolderRouter.swift */; };
		F6CC930924CCA2B500B59CF0 /* FolderDataManager.swift in Sources */ = {isa = PBXBuildFile; fileRef = F6CC930824CCA2B500B59CF0 /* FolderDataManager.swift */; };
		F6CC930B24CCA2C100B59CF0 /* FolderInteractor.swift in Sources */ = {isa = PBXBuildFile; fileRef = F6CC930A24CCA2C100B59CF0 /* FolderInteractor.swift */; };
		F6CCF4B824D60245003CA3F3 /* CollectionEditable.swift in Sources */ = {isa = PBXBuildFile; fileRef = F6CCF4B724D60245003CA3F3 /* CollectionEditable.swift */; };
		F6CCF4BA24D602FB003CA3F3 /* PhotoPickerInteractor.swift in Sources */ = {isa = PBXBuildFile; fileRef = F6CCF4B924D602FB003CA3F3 /* PhotoPickerInteractor.swift */; };
		F6CCF4D024D695DD003CA3F3 /* PhotoPreviewViewController.swift in Sources */ = {isa = PBXBuildFile; fileRef = F6CCF4CF24D695DD003CA3F3 /* PhotoPreviewViewController.swift */; };
		F6CCF4D324D6997C003CA3F3 /* ImagePreviewCell.swift in Sources */ = {isa = PBXBuildFile; fileRef = F6CCF4D224D6997C003CA3F3 /* ImagePreviewCell.swift */; };
		F6CCF4D524D6A718003CA3F3 /* PhotoPreviewPresenter.swift in Sources */ = {isa = PBXBuildFile; fileRef = F6CCF4D424D6A718003CA3F3 /* PhotoPreviewPresenter.swift */; };
		F6CCF4D724D6A74B003CA3F3 /* PhotoPreviewDataManager.swift in Sources */ = {isa = PBXBuildFile; fileRef = F6CCF4D624D6A74B003CA3F3 /* PhotoPreviewDataManager.swift */; };
		F6CCF4D924D6A92E003CA3F3 /* PhotoPreviewAssembly.swift in Sources */ = {isa = PBXBuildFile; fileRef = F6CCF4D824D6A92E003CA3F3 /* PhotoPreviewAssembly.swift */; };
/* End PBXBuildFile section */

/* Begin PBXFileReference section */
		899FBAAC141E1C5B7F943BB3 /* Pods-ImageLocker.release.xcconfig */ = {isa = PBXFileReference; includeInIndex = 1; lastKnownFileType = text.xcconfig; name = "Pods-ImageLocker.release.xcconfig"; path = "Target Support Files/Pods-ImageLocker/Pods-ImageLocker.release.xcconfig"; sourceTree = "<group>"; };
		DCB441A2B52F124F5170B831 /* Pods_ImageLocker.framework */ = {isa = PBXFileReference; explicitFileType = wrapper.framework; includeInIndex = 0; path = Pods_ImageLocker.framework; sourceTree = BUILT_PRODUCTS_DIR; };
		F641FDA82607F235004CB078 /* PhotoPreviewRouter.swift */ = {isa = PBXFileReference; lastKnownFileType = sourcecode.swift; path = PhotoPreviewRouter.swift; sourceTree = "<group>"; };
		F68B2ECE24A90FC000623813 /* ImageLocker.app */ = {isa = PBXFileReference; explicitFileType = wrapper.application; includeInIndex = 0; path = ImageLocker.app; sourceTree = BUILT_PRODUCTS_DIR; };
		F68B2ED124A90FC000623813 /* AppDelegate.swift */ = {isa = PBXFileReference; lastKnownFileType = sourcecode.swift; path = AppDelegate.swift; sourceTree = "<group>"; };
		F68B2EDB24A90FC000623813 /* ImageLocker.xcdatamodel */ = {isa = PBXFileReference; lastKnownFileType = wrapper.xcdatamodel; path = ImageLocker.xcdatamodel; sourceTree = "<group>"; };
		F68B2EDD24A90FC200623813 /* Assets.xcassets */ = {isa = PBXFileReference; lastKnownFileType = folder.assetcatalog; path = Assets.xcassets; sourceTree = "<group>"; };
		F68B2EE024A90FC200623813 /* Base */ = {isa = PBXFileReference; lastKnownFileType = file.storyboard; name = Base; path = Base.lproj/LaunchScreen.storyboard; sourceTree = "<group>"; };
		F68B2EE224A90FC200623813 /* Info.plist */ = {isa = PBXFileReference; lastKnownFileType = text.plist.xml; path = Info.plist; sourceTree = "<group>"; };
		F68B2EE824A916F900623813 /* CreatePinViewController.swift */ = {isa = PBXFileReference; lastKnownFileType = sourcecode.swift; path = CreatePinViewController.swift; sourceTree = "<group>"; };
		F68B2EEB24A9171F00623813 /* CreatePinAssembly.swift */ = {isa = PBXFileReference; lastKnownFileType = sourcecode.swift; path = CreatePinAssembly.swift; sourceTree = "<group>"; };
		F68B2EED24A9172B00623813 /* CreatePinPresenter.swift */ = {isa = PBXFileReference; lastKnownFileType = sourcecode.swift; path = CreatePinPresenter.swift; sourceTree = "<group>"; };
		F68B2EEF24A9173B00623813 /* CreatePinInteractor.swift */ = {isa = PBXFileReference; lastKnownFileType = sourcecode.swift; path = CreatePinInteractor.swift; sourceTree = "<group>"; };
		F68B2EF124A9174D00623813 /* CreatePinRouter.swift */ = {isa = PBXFileReference; lastKnownFileType = sourcecode.swift; path = CreatePinRouter.swift; sourceTree = "<group>"; };
		F68B2EF424A91DAB00623813 /* PincodeView.swift */ = {isa = PBXFileReference; lastKnownFileType = sourcecode.swift; path = PincodeView.swift; sourceTree = "<group>"; };
		F68B2F0D24A9342900623813 /* Pin.swift */ = {isa = PBXFileReference; lastKnownFileType = sourcecode.swift; path = Pin.swift; sourceTree = "<group>"; };
		F68B2F0F24AA566800623813 /* AppRouter.swift */ = {isa = PBXFileReference; lastKnownFileType = sourcecode.swift; path = AppRouter.swift; sourceTree = "<group>"; };
		F68B2F2524AA68B800623813 /* EnterPincodeAssembly.swift */ = {isa = PBXFileReference; lastKnownFileType = sourcecode.swift; path = EnterPincodeAssembly.swift; sourceTree = "<group>"; };
		F68B2F2824AA68E600623813 /* EnterPincodePresenter.swift */ = {isa = PBXFileReference; lastKnownFileType = sourcecode.swift; path = EnterPincodePresenter.swift; sourceTree = "<group>"; };
		F68B2F2A24AA68F000623813 /* EnterPincodeRouter.swift */ = {isa = PBXFileReference; lastKnownFileType = sourcecode.swift; path = EnterPincodeRouter.swift; sourceTree = "<group>"; };
		F68B2F2C24AA68FC00623813 /* EnterPincodeInteractor.swift */ = {isa = PBXFileReference; lastKnownFileType = sourcecode.swift; path = EnterPincodeInteractor.swift; sourceTree = "<group>"; };
		F68B2F2E24AA690C00623813 /* EnterPincodeViewController.swift */ = {isa = PBXFileReference; lastKnownFileType = sourcecode.swift; path = EnterPincodeViewController.swift; sourceTree = "<group>"; };
		F6952EB92609024F0021EC7F /* Loadable.swift */ = {isa = PBXFileReference; lastKnownFileType = sourcecode.swift; path = Loadable.swift; sourceTree = "<group>"; };
		F69C187624AE74DB0007283D /* FoldersListAssembly.swift */ = {isa = PBXFileReference; lastKnownFileType = sourcecode.swift; path = FoldersListAssembly.swift; sourceTree = "<group>"; };
		F69C187924AE74F10007283D /* FoldersListPresenter.swift */ = {isa = PBXFileReference; lastKnownFileType = sourcecode.swift; path = FoldersListPresenter.swift; sourceTree = "<group>"; };
		F69C187B24AE74F90007283D /* FoldersListRouter.swift */ = {isa = PBXFileReference; lastKnownFileType = sourcecode.swift; path = FoldersListRouter.swift; sourceTree = "<group>"; };
		F69C187D24AE75090007283D /* FoldersListDataManager.swift */ = {isa = PBXFileReference; lastKnownFileType = sourcecode.swift; path = FoldersListDataManager.swift; sourceTree = "<group>"; };
		F69C187F24AE75150007283D /* FoldersListViewController.swift */ = {isa = PBXFileReference; lastKnownFileType = sourcecode.swift; path = FoldersListViewController.swift; sourceTree = "<group>"; };
		F69C188124AE751E0007283D /* FoldersListInteractor.swift */ = {isa = PBXFileReference; lastKnownFileType = sourcecode.swift; path = FoldersListInteractor.swift; sourceTree = "<group>"; };
		F69C18AB24AE80780007283D /* TableEditable.swift */ = {isa = PBXFileReference; lastKnownFileType = sourcecode.swift; path = TableEditable.swift; sourceTree = "<group>"; };
		F69C18AE24AE80AB0007283D /* BaseTableDataManager.swift */ = {isa = PBXFileReference; lastKnownFileType = sourcecode.swift; path = BaseTableDataManager.swift; sourceTree = "<group>"; };
		F69C18B024AE8C620007283D /* CreateFolderAlert.swift */ = {isa = PBXFileReference; lastKnownFileType = sourcecode.swift; path = CreateFolderAlert.swift; sourceTree = "<group>"; };
		F6A5DEEE24D5C13200BF0911 /* PhotoPickerViewController.swift */ = {isa = PBXFileReference; lastKnownFileType = sourcecode.swift; path = PhotoPickerViewController.swift; sourceTree = "<group>"; };
		F6A5DEF124D5C21800BF0911 /* PhotoCell.swift */ = {isa = PBXFileReference; lastKnownFileType = sourcecode.swift; path = PhotoCell.swift; sourceTree = "<group>"; };
		F6A5DEF324D5C3F600BF0911 /* PhotoPickerDataManager.swift */ = {isa = PBXFileReference; lastKnownFileType = sourcecode.swift; path = PhotoPickerDataManager.swift; sourceTree = "<group>"; };
		F6A5DEF624D5C49C00BF0911 /* BaseCollectionDataManager.swift */ = {isa = PBXFileReference; lastKnownFileType = sourcecode.swift; path = BaseCollectionDataManager.swift; sourceTree = "<group>"; };
		F6A5DEF824D5EF9600BF0911 /* PhotoPickerAssembly.swift */ = {isa = PBXFileReference; lastKnownFileType = sourcecode.swift; path = PhotoPickerAssembly.swift; sourceTree = "<group>"; };
		F6A5DEFA24D5EFC700BF0911 /* PhotoPickerRouter.swift */ = {isa = PBXFileReference; lastKnownFileType = sourcecode.swift; path = PhotoPickerRouter.swift; sourceTree = "<group>"; };
		F6A5DEFC24D5EFD800BF0911 /* PhotoPickerPresenter.swift */ = {isa = PBXFileReference; lastKnownFileType = sourcecode.swift; path = PhotoPickerPresenter.swift; sourceTree = "<group>"; };
		F6CC92D424CC832700B59CF0 /* FolderCell.swift */ = {isa = PBXFileReference; lastKnownFileType = sourcecode.swift; path = FolderCell.swift; sourceTree = "<group>"; };
		F6CC92FF24CCA15B00B59CF0 /* FolderAssembly.swift */ = {isa = PBXFileReference; lastKnownFileType = sourcecode.swift; path = FolderAssembly.swift; sourceTree = "<group>"; };
		F6CC930224CCA29300B59CF0 /* FolderViewController.swift */ = {isa = PBXFileReference; lastKnownFileType = sourcecode.swift; path = FolderViewController.swift; sourceTree = "<group>"; };
		F6CC930424CCA29E00B59CF0 /* FolderPresenter.swift */ = {isa = PBXFileReference; lastKnownFileType = sourcecode.swift; path = FolderPresenter.swift; sourceTree = "<group>"; };
		F6CC930624CCA2AB00B59CF0 /* FolderRouter.swift */ = {isa = PBXFileReference; lastKnownFileType = sourcecode.swift; path = FolderRouter.swift; sourceTree = "<group>"; };
		F6CC930824CCA2B500B59CF0 /* FolderDataManager.swift */ = {isa = PBXFileReference; lastKnownFileType = sourcecode.swift; path = FolderDataManager.swift; sourceTree = "<group>"; };
		F6CC930A24CCA2C100B59CF0 /* FolderInteractor.swift */ = {isa = PBXFileReference; lastKnownFileType = sourcecode.swift; path = FolderInteractor.swift; sourceTree = "<group>"; };
		F6CCF4B724D60245003CA3F3 /* CollectionEditable.swift */ = {isa = PBXFileReference; lastKnownFileType = sourcecode.swift; path = CollectionEditable.swift; sourceTree = "<group>"; };
		F6CCF4B924D602FB003CA3F3 /* PhotoPickerInteractor.swift */ = {isa = PBXFileReference; lastKnownFileType = sourcecode.swift; path = PhotoPickerInteractor.swift; sourceTree = "<group>"; };
		F6CCF4CF24D695DD003CA3F3 /* PhotoPreviewViewController.swift */ = {isa = PBXFileReference; lastKnownFileType = sourcecode.swift; path = PhotoPreviewViewController.swift; sourceTree = "<group>"; };
		F6CCF4D224D6997C003CA3F3 /* ImagePreviewCell.swift */ = {isa = PBXFileReference; lastKnownFileType = sourcecode.swift; path = ImagePreviewCell.swift; sourceTree = "<group>"; };
		F6CCF4D424D6A718003CA3F3 /* PhotoPreviewPresenter.swift */ = {isa = PBXFileReference; lastKnownFileType = sourcecode.swift; path = PhotoPreviewPresenter.swift; sourceTree = "<group>"; };
		F6CCF4D624D6A74B003CA3F3 /* PhotoPreviewDataManager.swift */ = {isa = PBXFileReference; lastKnownFileType = sourcecode.swift; path = PhotoPreviewDataManager.swift; sourceTree = "<group>"; };
		F6CCF4D824D6A92E003CA3F3 /* PhotoPreviewAssembly.swift */ = {isa = PBXFileReference; lastKnownFileType = sourcecode.swift; path = PhotoPreviewAssembly.swift; sourceTree = "<group>"; };
		FCE4D65683DFF28E85495B92 /* Pods-ImageLocker.debug.xcconfig */ = {isa = PBXFileReference; includeInIndex = 1; lastKnownFileType = text.xcconfig; name = "Pods-ImageLocker.debug.xcconfig"; path = "Target Support Files/Pods-ImageLocker/Pods-ImageLocker.debug.xcconfig"; sourceTree = "<group>"; };
/* End PBXFileReference section */

/* Begin PBXFrameworksBuildPhase section */
		F68B2ECB24A90FC000623813 /* Frameworks */ = {
			isa = PBXFrameworksBuildPhase;
			buildActionMask = 2147483647;
			files = (
				AB76B17D9E1B8B38BF84FEB3 /* Pods_ImageLocker.framework in Frameworks */,
			);
			runOnlyForDeploymentPostprocessing = 0;
		};
/* End PBXFrameworksBuildPhase section */

/* Begin PBXGroup section */
		8C48D3C973372A0DE38D6FE0 /* Frameworks */ = {
			isa = PBXGroup;
			children = (
				DCB441A2B52F124F5170B831 /* Pods_ImageLocker.framework */,
			);
			name = Frameworks;
			sourceTree = "<group>";
		};
		A8AA585C57880C1DAEF411D7 /* Pods */ = {
			isa = PBXGroup;
			children = (
				FCE4D65683DFF28E85495B92 /* Pods-ImageLocker.debug.xcconfig */,
				899FBAAC141E1C5B7F943BB3 /* Pods-ImageLocker.release.xcconfig */,
			);
			path = Pods;
			sourceTree = "<group>";
		};
		F68B2EC524A90FC000623813 = {
			isa = PBXGroup;
			children = (
				F68B2ED024A90FC000623813 /* ImageLocker */,
				F68B2ECF24A90FC000623813 /* Products */,
				A8AA585C57880C1DAEF411D7 /* Pods */,
				8C48D3C973372A0DE38D6FE0 /* Frameworks */,
			);
			sourceTree = "<group>";
		};
		F68B2ECF24A90FC000623813 /* Products */ = {
			isa = PBXGroup;
			children = (
				F68B2ECE24A90FC000623813 /* ImageLocker.app */,
			);
			name = Products;
			sourceTree = "<group>";
		};
		F68B2ED024A90FC000623813 /* ImageLocker */ = {
			isa = PBXGroup;
			children = (
				F68B2ED124A90FC000623813 /* AppDelegate.swift */,
				F68B2EDD24A90FC200623813 /* Assets.xcassets */,
				F68B2EDF24A90FC200623813 /* LaunchScreen.storyboard */,
				F68B2EE224A90FC200623813 /* Info.plist */,
				F68B2EDA24A90FC000623813 /* ImageLocker.xcdatamodeld */,
				F69C18AD24AE807F0007283D /* Helpers */,
				F68B2EF324A91BA800623813 /* Modules */,
			);
			path = ImageLocker;
			sourceTree = "<group>";
		};
		F68B2EEA24A9170800623813 /* CreatePincode */ = {
			isa = PBXGroup;
			children = (
				F68B2EEB24A9171F00623813 /* CreatePinAssembly.swift */,
				F68B2EE824A916F900623813 /* CreatePinViewController.swift */,
				F68B2EED24A9172B00623813 /* CreatePinPresenter.swift */,
				F68B2EEF24A9173B00623813 /* CreatePinInteractor.swift */,
				F68B2EF124A9174D00623813 /* CreatePinRouter.swift */,
				F68B2EF624A91DB400623813 /* views */,
			);
			path = CreatePincode;
			sourceTree = "<group>";
		};
		F68B2EF324A91BA800623813 /* Modules */ = {
			isa = PBXGroup;
			children = (
				F68B2F0F24AA566800623813 /* AppRouter.swift */,
				F69C18B224AE8C670007283D /* Alerts */,
				F68B2EEA24A9170800623813 /* CreatePincode */,
				F68B2F2724AA68CE00623813 /* EnterPincode */,
				F6CC930124CCA1B600B59CF0 /* Folder */,
				F69C187824AE74E00007283D /* FoldersList */,
				F6A5DEF024D5C16B00BF0911 /* PhotoPicker */,
				F6CCF4D124D695E9003CA3F3 /* PhotoPreview */,
			);
			path = Modules;
			sourceTree = "<group>";
		};
		F68B2EF624A91DB400623813 /* views */ = {
			isa = PBXGroup;
			children = (
				F68B2EF424A91DAB00623813 /* PincodeView.swift */,
				F68B2F0D24A9342900623813 /* Pin.swift */,
			);
			path = views;
			sourceTree = "<group>";
		};
		F68B2F2724AA68CE00623813 /* EnterPincode */ = {
			isa = PBXGroup;
			children = (
				F68B2F2524AA68B800623813 /* EnterPincodeAssembly.swift */,
				F68B2F2824AA68E600623813 /* EnterPincodePresenter.swift */,
				F68B2F2A24AA68F000623813 /* EnterPincodeRouter.swift */,
				F68B2F2C24AA68FC00623813 /* EnterPincodeInteractor.swift */,
				F68B2F2E24AA690C00623813 /* EnterPincodeViewController.swift */,
			);
			path = EnterPincode;
			sourceTree = "<group>";
		};
		F69C187824AE74E00007283D /* FoldersList */ = {
			isa = PBXGroup;
			children = (
				F69C187624AE74DB0007283D /* FoldersListAssembly.swift */,
				F69C187924AE74F10007283D /* FoldersListPresenter.swift */,
				F69C187F24AE75150007283D /* FoldersListViewController.swift */,
				F69C188124AE751E0007283D /* FoldersListInteractor.swift */,
				F69C187B24AE74F90007283D /* FoldersListRouter.swift */,
				F69C187D24AE75090007283D /* FoldersListDataManager.swift */,
				F6CC92D624CC832C00B59CF0 /* cell */,
			);
			path = FoldersList;
			sourceTree = "<group>";
		};
		F69C18AD24AE807F0007283D /* Helpers */ = {
			isa = PBXGroup;
			children = (
				F69C18AB24AE80780007283D /* TableEditable.swift */,
				F6CCF4B724D60245003CA3F3 /* CollectionEditable.swift */,
				F69C18AE24AE80AB0007283D /* BaseTableDataManager.swift */,
				F6A5DEF624D5C49C00BF0911 /* BaseCollectionDataManager.swift */,
				F6952EB92609024F0021EC7F /* Loadable.swift */,
			);
			path = Helpers;
			sourceTree = "<group>";
		};
		F69C18B224AE8C670007283D /* Alerts */ = {
			isa = PBXGroup;
			children = (
				F69C18B024AE8C620007283D /* CreateFolderAlert.swift */,
			);
			path = Alerts;
			sourceTree = "<group>";
		};
		F6A5DEF024D5C16B00BF0911 /* PhotoPicker */ = {
			isa = PBXGroup;
			children = (
				F6A5DEF824D5EF9600BF0911 /* PhotoPickerAssembly.swift */,
				F6A5DEEE24D5C13200BF0911 /* PhotoPickerViewController.swift */,
				F6A5DEFC24D5EFD800BF0911 /* PhotoPickerPresenter.swift */,
				F6CCF4B924D602FB003CA3F3 /* PhotoPickerInteractor.swift */,
				F6A5DEFA24D5EFC700BF0911 /* PhotoPickerRouter.swift */,
				F6A5DEF324D5C3F600BF0911 /* PhotoPickerDataManager.swift */,
				F6A5DEF524D5C40A00BF0911 /* cell */,
			);
			path = PhotoPicker;
			sourceTree = "<group>";
		};
		F6A5DEF524D5C40A00BF0911 /* cell */ = {
			isa = PBXGroup;
			children = (
				F6A5DEF124D5C21800BF0911 /* PhotoCell.swift */,
			);
			path = cell;
			sourceTree = "<group>";
		};
		F6CC92D624CC832C00B59CF0 /* cell */ = {
			isa = PBXGroup;
			children = (
				F6CC92D424CC832700B59CF0 /* FolderCell.swift */,
			);
			path = cell;
			sourceTree = "<group>";
		};
		F6CC930124CCA1B600B59CF0 /* Folder */ = {
			isa = PBXGroup;
			children = (
				F6CC92FF24CCA15B00B59CF0 /* FolderAssembly.swift */,
				F6CC930224CCA29300B59CF0 /* FolderViewController.swift */,
				F6CC930424CCA29E00B59CF0 /* FolderPresenter.swift */,
				F6CC930624CCA2AB00B59CF0 /* FolderRouter.swift */,
				F6CC930824CCA2B500B59CF0 /* FolderDataManager.swift */,
				F6CC930A24CCA2C100B59CF0 /* FolderInteractor.swift */,
			);
			path = Folder;
			sourceTree = "<group>";
		};
		F6CCF4D124D695E9003CA3F3 /* PhotoPreview */ = {
			isa = PBXGroup;
			children = (
				F6CCF4D824D6A92E003CA3F3 /* PhotoPreviewAssembly.swift */,
				F6CCF4CF24D695DD003CA3F3 /* PhotoPreviewViewController.swift */,
				F6CCF4D424D6A718003CA3F3 /* PhotoPreviewPresenter.swift */,
				F641FDA82607F235004CB078 /* PhotoPreviewRouter.swift */,
				F6CCF4D624D6A74B003CA3F3 /* PhotoPreviewDataManager.swift */,
				F6CCF4DA24D6A936003CA3F3 /* cell */,
			);
			path = PhotoPreview;
			sourceTree = "<group>";
		};
		F6CCF4DA24D6A936003CA3F3 /* cell */ = {
			isa = PBXGroup;
			children = (
				F6CCF4D224D6997C003CA3F3 /* ImagePreviewCell.swift */,
			);
			path = cell;
			sourceTree = "<group>";
		};
/* End PBXGroup section */

/* Begin PBXNativeTarget section */
		F68B2ECD24A90FC000623813 /* ImageLocker */ = {
			isa = PBXNativeTarget;
			buildConfigurationList = F68B2EE524A90FC200623813 /* Build configuration list for PBXNativeTarget "ImageLocker" */;
			buildPhases = (
				75666CC99A44EAC92309A390 /* [CP] Check Pods Manifest.lock */,
				F68B2ECA24A90FC000623813 /* Sources */,
				F68B2ECB24A90FC000623813 /* Frameworks */,
				F68B2ECC24A90FC000623813 /* Resources */,
				00E34BB31F61B0477B78986F /* [CP] Embed Pods Frameworks */,
			);
			buildRules = (
			);
			dependencies = (
			);
			name = ImageLocker;
			productName = ImageLocker;
			productReference = F68B2ECE24A90FC000623813 /* ImageLocker.app */;
			productType = "com.apple.product-type.application";
		};
/* End PBXNativeTarget section */

/* Begin PBXProject section */
		F68B2EC624A90FC000623813 /* Project object */ = {
			isa = PBXProject;
			attributes = {
				LastSwiftUpdateCheck = 1150;
				LastUpgradeCheck = 1150;
				ORGANIZATIONNAME = "Виталий Субботин";
				TargetAttributes = {
					F68B2ECD24A90FC000623813 = {
						CreatedOnToolsVersion = 11.5;
					};
				};
			};
			buildConfigurationList = F68B2EC924A90FC000623813 /* Build configuration list for PBXProject "ImageLocker" */;
			compatibilityVersion = "Xcode 9.3";
			developmentRegion = en;
			hasScannedForEncodings = 0;
			knownRegions = (
				en,
				Base,
			);
			mainGroup = F68B2EC524A90FC000623813;
			productRefGroup = F68B2ECF24A90FC000623813 /* Products */;
			projectDirPath = "";
			projectRoot = "";
			targets = (
				F68B2ECD24A90FC000623813 /* ImageLocker */,
			);
		};
/* End PBXProject section */

/* Begin PBXResourcesBuildPhase section */
		F68B2ECC24A90FC000623813 /* Resources */ = {
			isa = PBXResourcesBuildPhase;
			buildActionMask = 2147483647;
			files = (
				F68B2EE124A90FC200623813 /* LaunchScreen.storyboard in Resources */,
				F68B2EDE24A90FC200623813 /* Assets.xcassets in Resources */,
			);
			runOnlyForDeploymentPostprocessing = 0;
		};
/* End PBXResourcesBuildPhase section */

/* Begin PBXShellScriptBuildPhase section */
		00E34BB31F61B0477B78986F /* [CP] Embed Pods Frameworks */ = {
			isa = PBXShellScriptBuildPhase;
			buildActionMask = 2147483647;
			files = (
			);
			inputFileListPaths = (
				"${PODS_ROOT}/Target Support Files/Pods-ImageLocker/Pods-ImageLocker-frameworks-${CONFIGURATION}-input-files.xcfilelist",
			);
			name = "[CP] Embed Pods Frameworks";
			outputFileListPaths = (
				"${PODS_ROOT}/Target Support Files/Pods-ImageLocker/Pods-ImageLocker-frameworks-${CONFIGURATION}-output-files.xcfilelist",
			);
			runOnlyForDeploymentPostprocessing = 0;
			shellPath = /bin/sh;
			shellScript = "\"${PODS_ROOT}/Target Support Files/Pods-ImageLocker/Pods-ImageLocker-frameworks.sh\"\n";
			showEnvVarsInLog = 0;
		};
		75666CC99A44EAC92309A390 /* [CP] Check Pods Manifest.lock */ = {
			isa = PBXShellScriptBuildPhase;
			buildActionMask = 2147483647;
			files = (
			);
			inputFileListPaths = (
			);
			inputPaths = (
				"${PODS_PODFILE_DIR_PATH}/Podfile.lock",
				"${PODS_ROOT}/Manifest.lock",
			);
			name = "[CP] Check Pods Manifest.lock";
			outputFileListPaths = (
			);
			outputPaths = (
				"$(DERIVED_FILE_DIR)/Pods-ImageLocker-checkManifestLockResult.txt",
			);
			runOnlyForDeploymentPostprocessing = 0;
			shellPath = /bin/sh;
			shellScript = "diff \"${PODS_PODFILE_DIR_PATH}/Podfile.lock\" \"${PODS_ROOT}/Manifest.lock\" > /dev/null\nif [ $? != 0 ] ; then\n    # print error to STDERR\n    echo \"error: The sandbox is not in sync with the Podfile.lock. Run 'pod install' or update your CocoaPods installation.\" >&2\n    exit 1\nfi\n# This output is used by Xcode 'outputs' to avoid re-running this script phase.\necho \"SUCCESS\" > \"${SCRIPT_OUTPUT_FILE_0}\"\n";
			showEnvVarsInLog = 0;
		};
/* End PBXShellScriptBuildPhase section */

/* Begin PBXSourcesBuildPhase section */
		F68B2ECA24A90FC000623813 /* Sources */ = {
			isa = PBXSourcesBuildPhase;
			buildActionMask = 2147483647;
			files = (
				F68B2EF024A9173B00623813 /* CreatePinInteractor.swift in Sources */,
				F6CC92D524CC832700B59CF0 /* FolderCell.swift in Sources */,
				F68B2ED224A90FC000623813 /* AppDelegate.swift in Sources */,
				F68B2EDC24A90FC000623813 /* ImageLocker.xcdatamodeld in Sources */,
				F6A5DEF924D5EF9600BF0911 /* PhotoPickerAssembly.swift in Sources */,
				F6CCF4D724D6A74B003CA3F3 /* PhotoPreviewDataManager.swift in Sources */,
				F6A5DEFD24D5EFD800BF0911 /* PhotoPickerPresenter.swift in Sources */,
				F6CC930B24CCA2C100B59CF0 /* FolderInteractor.swift in Sources */,
				F69C187A24AE74F10007283D /* FoldersListPresenter.swift in Sources */,
				F6CC930024CCA15B00B59CF0 /* FolderAssembly.swift in Sources */,
				F6A5DEFB24D5EFC700BF0911 /* PhotoPickerRouter.swift in Sources */,
				F68B2EF524A91DAB00623813 /* PincodeView.swift in Sources */,
				F68B2F2F24AA690C00623813 /* EnterPincodeViewController.swift in Sources */,
				F6CC930524CCA29E00B59CF0 /* FolderPresenter.swift in Sources */,
				F6CC930924CCA2B500B59CF0 /* FolderDataManager.swift in Sources */,
				F68B2F0E24A9342900623813 /* Pin.swift in Sources */,
				F6A5DEEF24D5C13200BF0911 /* PhotoPickerViewController.swift in Sources */,
				F6CCF4D024D695DD003CA3F3 /* PhotoPreviewViewController.swift in Sources */,
				F641FDA92607F235004CB078 /* PhotoPreviewRouter.swift in Sources */,
				F68B2F2B24AA68F000623813 /* EnterPincodeRouter.swift in Sources */,
				F6CCF4D324D6997C003CA3F3 /* ImagePreviewCell.swift in Sources */,
				F68B2EEE24A9172B00623813 /* CreatePinPresenter.swift in Sources */,
				F6CCF4B824D60245003CA3F3 /* CollectionEditable.swift in Sources */,
				F6CC930324CCA29300B59CF0 /* FolderViewController.swift in Sources */,
				F6CCF4D524D6A718003CA3F3 /* PhotoPreviewPresenter.swift in Sources */,
				F68B2F2924AA68E600623813 /* EnterPincodePresenter.swift in Sources */,
				F6A5DEF224D5C21800BF0911 /* PhotoCell.swift in Sources */,
				F6952EBA2609024F0021EC7F /* Loadable.swift in Sources */,
				F6A5DEF424D5C3F600BF0911 /* PhotoPickerDataManager.swift in Sources */,
				F69C187C24AE74F90007283D /* FoldersListRouter.swift in Sources */,
				F68B2EF224A9174D00623813 /* CreatePinRouter.swift in Sources */,
				F68B2F2624AA68B800623813 /* EnterPincodeAssembly.swift in Sources */,
				F6CC930724CCA2AB00B59CF0 /* FolderRouter.swift in Sources */,
				F6A5DEF724D5C49C00BF0911 /* BaseCollectionDataManager.swift in Sources */,
				F68B2F2D24AA68FC00623813 /* EnterPincodeInteractor.swift in Sources */,
				F69C18AC24AE80780007283D /* TableEditable.swift in Sources */,
				F68B2EE924A916F900623813 /* CreatePinViewController.swift in Sources */,
				F68B2F1024AA566800623813 /* AppRouter.swift in Sources */,
				F69C188024AE75150007283D /* FoldersListViewController.swift in Sources */,
				F6CCF4BA24D602FB003CA3F3 /* PhotoPickerInteractor.swift in Sources */,
				F69C18B124AE8C620007283D /* CreateFolderAlert.swift in Sources */,
				F69C18AF24AE80AB0007283D /* BaseTableDataManager.swift in Sources */,
				F69C187E24AE75090007283D /* FoldersListDataManager.swift in Sources */,
				F69C188224AE751E0007283D /* FoldersListInteractor.swift in Sources */,
				F6CCF4D924D6A92E003CA3F3 /* PhotoPreviewAssembly.swift in Sources */,
				F68B2EEC24A9171F00623813 /* CreatePinAssembly.swift in Sources */,
				F69C187724AE74DB0007283D /* FoldersListAssembly.swift in Sources */,
			);
			runOnlyForDeploymentPostprocessing = 0;
		};
/* End PBXSourcesBuildPhase section */

/* Begin PBXVariantGroup section */
		F68B2EDF24A90FC200623813 /* LaunchScreen.storyboard */ = {
			isa = PBXVariantGroup;
			children = (
				F68B2EE024A90FC200623813 /* Base */,
			);
			name = LaunchScreen.storyboard;
			sourceTree = "<group>";
		};
/* End PBXVariantGroup section */

/* Begin XCBuildConfiguration section */
		F68B2EE324A90FC200623813 /* Debug */ = {
			isa = XCBuildConfiguration;
			buildSettings = {
				ALWAYS_SEARCH_USER_PATHS = NO;
				CLANG_ANALYZER_NONNULL = YES;
				CLANG_ANALYZER_NUMBER_OBJECT_CONVERSION = YES_AGGRESSIVE;
				CLANG_CXX_LANGUAGE_STANDARD = "gnu++14";
				CLANG_CXX_LIBRARY = "libc++";
				CLANG_ENABLE_MODULES = YES;
				CLANG_ENABLE_OBJC_ARC = YES;
				CLANG_ENABLE_OBJC_WEAK = YES;
				CLANG_WARN_BLOCK_CAPTURE_AUTORELEASING = YES;
				CLANG_WARN_BOOL_CONVERSION = YES;
				CLANG_WARN_COMMA = YES;
				CLANG_WARN_CONSTANT_CONVERSION = YES;
				CLANG_WARN_DEPRECATED_OBJC_IMPLEMENTATIONS = YES;
				CLANG_WARN_DIRECT_OBJC_ISA_USAGE = YES_ERROR;
				CLANG_WARN_DOCUMENTATION_COMMENTS = YES;
				CLANG_WARN_EMPTY_BODY = YES;
				CLANG_WARN_ENUM_CONVERSION = YES;
				CLANG_WARN_INFINITE_RECURSION = YES;
				CLANG_WARN_INT_CONVERSION = YES;
				CLANG_WARN_NON_LITERAL_NULL_CONVERSION = YES;
				CLANG_WARN_OBJC_IMPLICIT_RETAIN_SELF = YES;
				CLANG_WARN_OBJC_LITERAL_CONVERSION = YES;
				CLANG_WARN_OBJC_ROOT_CLASS = YES_ERROR;
				CLANG_WARN_RANGE_LOOP_ANALYSIS = YES;
				CLANG_WARN_STRICT_PROTOTYPES = YES;
				CLANG_WARN_SUSPICIOUS_MOVE = YES;
				CLANG_WARN_UNGUARDED_AVAILABILITY = YES_AGGRESSIVE;
				CLANG_WARN_UNREACHABLE_CODE = YES;
				CLANG_WARN__DUPLICATE_METHOD_MATCH = YES;
				COPY_PHASE_STRIP = NO;
				DEBUG_INFORMATION_FORMAT = dwarf;
				ENABLE_STRICT_OBJC_MSGSEND = YES;
				ENABLE_TESTABILITY = YES;
				GCC_C_LANGUAGE_STANDARD = gnu11;
				GCC_DYNAMIC_NO_PIC = NO;
				GCC_NO_COMMON_BLOCKS = YES;
				GCC_OPTIMIZATION_LEVEL = 0;
				GCC_PREPROCESSOR_DEFINITIONS = (
					"DEBUG=1",
					"$(inherited)",
				);
				GCC_WARN_64_TO_32_BIT_CONVERSION = YES;
				GCC_WARN_ABOUT_RETURN_TYPE = YES_ERROR;
				GCC_WARN_UNDECLARED_SELECTOR = YES;
				GCC_WARN_UNINITIALIZED_AUTOS = YES_AGGRESSIVE;
				GCC_WARN_UNUSED_FUNCTION = YES;
				GCC_WARN_UNUSED_VARIABLE = YES;
				IPHONEOS_DEPLOYMENT_TARGET = 13.5;
				MTL_ENABLE_DEBUG_INFO = INCLUDE_SOURCE;
				MTL_FAST_MATH = YES;
				ONLY_ACTIVE_ARCH = YES;
				SDKROOT = iphoneos;
				SWIFT_ACTIVE_COMPILATION_CONDITIONS = DEBUG;
				SWIFT_OPTIMIZATION_LEVEL = "-Onone";
			};
			name = Debug;
		};
		F68B2EE424A90FC200623813 /* Release */ = {
			isa = XCBuildConfiguration;
			buildSettings = {
				ALWAYS_SEARCH_USER_PATHS = NO;
				CLANG_ANALYZER_NONNULL = YES;
				CLANG_ANALYZER_NUMBER_OBJECT_CONVERSION = YES_AGGRESSIVE;
				CLANG_CXX_LANGUAGE_STANDARD = "gnu++14";
				CLANG_CXX_LIBRARY = "libc++";
				CLANG_ENABLE_MODULES = YES;
				CLANG_ENABLE_OBJC_ARC = YES;
				CLANG_ENABLE_OBJC_WEAK = YES;
				CLANG_WARN_BLOCK_CAPTURE_AUTORELEASING = YES;
				CLANG_WARN_BOOL_CONVERSION = YES;
				CLANG_WARN_COMMA = YES;
				CLANG_WARN_CONSTANT_CONVERSION = YES;
				CLANG_WARN_DEPRECATED_OBJC_IMPLEMENTATIONS = YES;
				CLANG_WARN_DIRECT_OBJC_ISA_USAGE = YES_ERROR;
				CLANG_WARN_DOCUMENTATION_COMMENTS = YES;
				CLANG_WARN_EMPTY_BODY = YES;
				CLANG_WARN_ENUM_CONVERSION = YES;
				CLANG_WARN_INFINITE_RECURSION = YES;
				CLANG_WARN_INT_CONVERSION = YES;
				CLANG_WARN_NON_LITERAL_NULL_CONVERSION = YES;
				CLANG_WARN_OBJC_IMPLICIT_RETAIN_SELF = YES;
				CLANG_WARN_OBJC_LITERAL_CONVERSION = YES;
				CLANG_WARN_OBJC_ROOT_CLASS = YES_ERROR;
				CLANG_WARN_RANGE_LOOP_ANALYSIS = YES;
				CLANG_WARN_STRICT_PROTOTYPES = YES;
				CLANG_WARN_SUSPICIOUS_MOVE = YES;
				CLANG_WARN_UNGUARDED_AVAILABILITY = YES_AGGRESSIVE;
				CLANG_WARN_UNREACHABLE_CODE = YES;
				CLANG_WARN__DUPLICATE_METHOD_MATCH = YES;
				COPY_PHASE_STRIP = NO;
				DEBUG_INFORMATION_FORMAT = "dwarf-with-dsym";
				ENABLE_NS_ASSERTIONS = NO;
				ENABLE_STRICT_OBJC_MSGSEND = YES;
				GCC_C_LANGUAGE_STANDARD = gnu11;
				GCC_NO_COMMON_BLOCKS = YES;
				GCC_WARN_64_TO_32_BIT_CONVERSION = YES;
				GCC_WARN_ABOUT_RETURN_TYPE = YES_ERROR;
				GCC_WARN_UNDECLARED_SELECTOR = YES;
				GCC_WARN_UNINITIALIZED_AUTOS = YES_AGGRESSIVE;
				GCC_WARN_UNUSED_FUNCTION = YES;
				GCC_WARN_UNUSED_VARIABLE = YES;
				IPHONEOS_DEPLOYMENT_TARGET = 13.5;
				MTL_ENABLE_DEBUG_INFO = NO;
				MTL_FAST_MATH = YES;
				SDKROOT = iphoneos;
				SWIFT_COMPILATION_MODE = wholemodule;
				SWIFT_OPTIMIZATION_LEVEL = "-O";
				VALIDATE_PRODUCT = YES;
			};
			name = Release;
		};
		F68B2EE624A90FC200623813 /* Debug */ = {
			isa = XCBuildConfiguration;
			baseConfigurationReference = FCE4D65683DFF28E85495B92 /* Pods-ImageLocker.debug.xcconfig */;
			buildSettings = {
				ASSETCATALOG_COMPILER_APPICON_NAME = AppIcon;
				CODE_SIGN_STYLE = Automatic;
				DEVELOPMENT_TEAM = PAJM5Y54LW;
				INFOPLIST_FILE = ImageLocker/Info.plist;
				IPHONEOS_DEPLOYMENT_TARGET = 11.0;
				LD_RUNPATH_SEARCH_PATHS = (
					"$(inherited)",
					"@executable_path/Frameworks",
				);
				PRODUCT_BUNDLE_IDENTIFIER = com.vitalySubbotin.ImageLocker;
				PRODUCT_NAME = "$(TARGET_NAME)";
				SWIFT_VERSION = 5.0;
				TARGETED_DEVICE_FAMILY = "1,2";
			};
			name = Debug;
		};
		F68B2EE724A90FC200623813 /* Release */ = {
			isa = XCBuildConfiguration;
			baseConfigurationReference = 899FBAAC141E1C5B7F943BB3 /* Pods-ImageLocker.release.xcconfig */;
			buildSettings = {
				ASSETCATALOG_COMPILER_APPICON_NAME = AppIcon;
				CODE_SIGN_STYLE = Automatic;
				DEVELOPMENT_TEAM = PAJM5Y54LW;
				INFOPLIST_FILE = ImageLocker/Info.plist;
				IPHONEOS_DEPLOYMENT_TARGET = 11.0;
				LD_RUNPATH_SEARCH_PATHS = (
					"$(inherited)",
					"@executable_path/Frameworks",
				);
				PRODUCT_BUNDLE_IDENTIFIER = com.vitalySubbotin.ImageLocker;
				PRODUCT_NAME = "$(TARGET_NAME)";
				SWIFT_VERSION = 5.0;
				TARGETED_DEVICE_FAMILY = "1,2";
			};
			name = Release;
		};
/* End XCBuildConfiguration section */

/* Begin XCConfigurationList section */
		F68B2EC924A90FC000623813 /* Build configuration list for PBXProject "ImageLocker" */ = {
			isa = XCConfigurationList;
			buildConfigurations = (
				F68B2EE324A90FC200623813 /* Debug */,
				F68B2EE424A90FC200623813 /* Release */,
			);
			defaultConfigurationIsVisible = 0;
			defaultConfigurationName = Release;
		};
		F68B2EE524A90FC200623813 /* Build configuration list for PBXNativeTarget "ImageLocker" */ = {
			isa = XCConfigurationList;
			buildConfigurations = (
				F68B2EE624A90FC200623813 /* Debug */,
				F68B2EE724A90FC200623813 /* Release */,
			);
			defaultConfigurationIsVisible = 0;
			defaultConfigurationName = Release;
		};
/* End XCConfigurationList section */

/* Begin XCVersionGroup section */
		F68B2EDA24A90FC000623813 /* ImageLocker.xcdatamodeld */ = {
			isa = XCVersionGroup;
			children = (
				F68B2EDB24A90FC000623813 /* ImageLocker.xcdatamodel */,
			);
			currentVersion = F68B2EDB24A90FC000623813 /* ImageLocker.xcdatamodel */;
			path = ImageLocker.xcdatamodeld;
			sourceTree = "<group>";
			versionGroupType = wrapper.xcdatamodel;
		};
/* End XCVersionGroup section */
	};
	rootObject = F68B2EC624A90FC000623813 /* Project object */;
}
